
Microsoft Visual Studio Solution File, Format Version 12.00
# Visual Studio Version 16
VisualStudioVersion = 16.0.31019.35
MinimumVisualStudioVersion = 10.0.40219.1
Project("{9A19103F-16F7-4668-BE54-9A1E7A4F7556}") = "TestConsole", "TestConsole\TestConsole.csproj", "{33323870-6F73-46F8-AABF-D78D274E944F}"
EndProject
Project("{9A19103F-16F7-4668-BE54-9A1E7A4F7556}") = "CommandExecutor", "CommandExecutor\CommandExecutor.csproj", "{D3DA36AB-6C20-4F3D-B6C0-7D4080CCD788}"
EndProject
Project("{FAE04EC0-301F-11D3-BF4B-00C04F79EFBC}") = "MyConsoleCommand", "MyConsoleCommand\MyConsoleCommand.csproj", "{207873E0-9ECE-4778-8988-81C14969B54E}"
EndProject
Global
	GlobalSection(SolutionConfigurationPlatforms) = preSolution
		Debug|Any CPU = Debug|Any CPU
		Release|Any CPU = Release|Any CPU
	EndGlobalSection
	GlobalSection(ProjectConfigurationPlatforms) = postSolution
		{33323870-6F73-46F8-AABF-D78D274E944F}.Debug|Any CPU.ActiveCfg = Debug|Any CPU
		{33323870-6F73-46F8-AABF-D78D274E944F}.Debug|Any CPU.Build.0 = Debug|Any CPU
		{33323870-6F73-46F8-AABF-D78D274E944F}.Release|Any CPU.ActiveCfg = Release|Any CPU
		{33323870-6F73-46F8-AABF-D78D274E944F}.Release|Any CPU.Build.0 = Release|Any CPU
		{D3DA36AB-6C20-4F3D-B6C0-7D4080CCD788}.Debug|Any CPU.ActiveCfg = Debug|Any CPU
		{D3DA36AB-6C20-4F3D-B6C0-7D4080CCD788}.Debug|Any CPU.Build.0 = Debug|Any CPU
		{D3DA36AB-6C20-4F3D-B6C0-7D4080CCD788}.Release|Any CPU.ActiveCfg = Release|Any CPU
		{D3DA36AB-6C20-4F3D-B6C0-7D4080CCD788}.Release|Any CPU.Build.0 = Release|Any CPU
		{207873E0-9ECE-4778-8988-81C14969B54E}.Debug|Any CPU.ActiveCfg = Debug|Any CPU
		{207873E0-9ECE-4778-8988-81C14969B54E}.Debug|Any CPU.Build.0 = Debug|Any CPU
		{207873E0-9ECE-4778-8988-81C14969B54E}.Release|Any CPU.ActiveCfg = Release|Any CPU
		{207873E0-9ECE-4778-8988-81C14969B54E}.Release|Any CPU.Build.0 = Release|Any CPU
	EndGlobalSection
	GlobalSection(SolutionProperties) = preSolution
		HideSolutionNode = FALSE
	EndGlobalSection
	GlobalSection(ExtensibilityGlobals) = postSolution
		SolutionGuid = {6AE34306-3C8F-4382-A8AE-04955C8F1DBA}
	EndGlobalSection
EndGlobal
